
Microsoft Visual Studio Solution File, Format Version 12.00
# Visual Studio Version 16
VisualStudioVersion = 16.0.31624.102
MinimumVisualStudioVersion = 10.0.40219.1
Project("{FAE04EC0-301F-11D3-BF4B-00C04F79EFBC}") = "AVR Programmer", "AVR Programmer\AVR Programmer.csproj", "{B518AF91-79B7-4D76-9755-0242DB7D12C7}"
EndProject
Project("{54435603-DBB4-11D2-8724-00A0C9A8B90C}") = "AVR Programmer Setup", "AVR Programmer Setup\AVR Programmer Setup.vdproj", "{EFF0D5CA-CC4C-4448-89EB-668CF164341A}"
EndProject
Global
	GlobalSection(SolutionConfigurationPlatforms) = preSolution
		Debug|Any CPU = Debug|Any CPU
		Release|Any CPU = Release|Any CPU
	EndGlobalSection
	GlobalSection(ProjectConfigurationPlatforms) = postSolution
		{B518AF91-79B7-4D76-9755-0242DB7D12C7}.Debug|Any CPU.ActiveCfg = Debug|Any CPU
		{B518AF91-79B7-4D76-9755-0242DB7D12C7}.Debug|Any CPU.Build.0 = Debug|Any CPU
		{B518AF91-79B7-4D76-9755-0242DB7D12C7}.Release|Any CPU.ActiveCfg = Release|Any CPU
		{B518AF91-79B7-4D76-9755-0242DB7D12C7}.Release|Any CPU.Build.0 = Release|Any CPU
		{EFF0D5CA-CC4C-4448-89EB-668CF164341A}.Debug|Any CPU.ActiveCfg = Debug
		{EFF0D5CA-CC4C-4448-89EB-668CF164341A}.Release|Any CPU.ActiveCfg = Release
	EndGlobalSection
	GlobalSection(SolutionProperties) = preSolution
		HideSolutionNode = FALSE
	EndGlobalSection
	GlobalSection(ExtensibilityGlobals) = postSolution
		SolutionGuid = {0E4C8B64-C5BF-43BD-BEE9-53DE39F88DC3}
	EndGlobalSection
EndGlobal
